
Microsoft Visual Studio Solution File, Format Version 12.00
# Visual Studio Version 17
VisualStudioVersion = 17.10.35004.147
MinimumVisualStudioVersion = 10.0.40219.1
Project("{FAE04EC0-301F-11D3-BF4B-00C04F79EFBC}") = "BebooGarden", "BebooGarden\BebooGarden.csproj", "{3099B584-74ED-48E6-A081-6C0C20F7A575}"
EndProject
Project("{FAE04EC0-301F-11D3-BF4B-00C04F79EFBC}") = "AccessibleMyraUI", "AccessibleMyraUI\AccessibleMyraUI.csproj", "{0AADDE4D-8AEF-678F-BD33-63E0EB441628}"
EndProject
Project("{FAE04EC0-301F-11D3-BF4B-00C04F79EFBC}") = "BebooGarden.ModApi", "BebooGarden.ModApi\BebooGarden.ModApi.csproj", "{7E2C9A51-3B4D-4E66-9F10-2D5C8B7A4E31}"
EndProject
Project("{FAE04EC0-301F-11D3-BF4B-00C04F79EFBC}") = "BebooGarden.Core", "BebooGarden.Core\BebooGarden.Core.csproj", "{A78B4BED-8CE6-43B2-B124-7B67C03DFA7E}"
EndProject
Project("{FAE04EC0-301F-11D3-BF4B-00C04F79EFBC}") = "BebooGarden.Android", "BebooGarden.Android\BebooGarden.Android.csproj", "{A0252D2E-6D8F-4C20-A157-F5BB215079D4}"
EndProject
Global
	GlobalSection(SolutionConfigurationPlatforms) = preSolution
		Debug|Any CPU = Debug|Any CPU
		Debug|x64 = Debug|x64
		Debug|x86 = Debug|x86
		Release|Any CPU = Release|Any CPU
		Release|x64 = Release|x64
		Release|x86 = Release|x86
	EndGlobalSection
	GlobalSection(ProjectConfigurationPlatforms) = postSolution
		{3099B584-74ED-48E6-A081-6C0C20F7A575}.Debug|Any CPU.ActiveCfg = Debug|Any CPU
		{3099B584-74ED-48E6-A081-6C0C20F7A575}.Debug|Any CPU.Build.0 = Debug|Any CPU
		{3099B584-74ED-48E6-A081-6C0C20F7A575}.Debug|x64.ActiveCfg = Debug|Any CPU
		{3099B584-74ED-48E6-A081-6C0C20F7A575}.Debug|x64.Build.0 = Debug|Any CPU
		{3099B584-74ED-48E6-A081-6C0C20F7A575}.Debug|x86.ActiveCfg = Debug|Any CPU
		{3099B584-74ED-48E6-A081-6C0C20F7A575}.Debug|x86.Build.0 = Debug|Any CPU
		{3099B584-74ED-48E6-A081-6C0C20F7A575}.Release|Any CPU.ActiveCfg = Release|Any CPU
		{3099B584-74ED-48E6-A081-6C0C20F7A575}.Release|Any CPU.Build.0 = Release|Any CPU
		{3099B584-74ED-48E6-A081-6C0C20F7A575}.Release|x64.ActiveCfg = Release|Any CPU
		{3099B584-74ED-48E6-A081-6C0C20F7A575}.Release|x64.Build.0 = Release|Any CPU
		{3099B584-74ED-48E6-A081-6C0C20F7A575}.Release|x86.ActiveCfg = Release|Any CPU
		{3099B584-74ED-48E6-A081-6C0C20F7A575}.Release|x86.Build.0 = Release|Any CPU
		{0AADDE4D-8AEF-678F-BD33-63E0EB441628}.Debug|Any CPU.ActiveCfg = Debug|Any CPU
		{0AADDE4D-8AEF-678F-BD33-63E0EB441628}.Debug|Any CPU.Build.0 = Debug|Any CPU
		{0AADDE4D-8AEF-678F-BD33-63E0EB441628}.Debug|x64.ActiveCfg = Debug|Any CPU
		{0AADDE4D-8AEF-678F-BD33-63E0EB441628}.Debug|x64.Build.0 = Debug|Any CPU
		{0AADDE4D-8AEF-678F-BD33-63E0EB441628}.Debug|x86.ActiveCfg = Debug|Any CPU
		{0AADDE4D-8AEF-678F-BD33-63E0EB441628}.Debug|x86.Build.0 = Debug|Any CPU
		{0AADDE4D-8AEF-678F-BD33-63E0EB441628}.Release|Any CPU.ActiveCfg = Release|Any CPU
		{0AADDE4D-8AEF-678F-BD33-63E0EB441628}.Release|Any CPU.Build.0 = Release|Any CPU
		{0AADDE4D-8AEF-678F-BD33-63E0EB441628}.Release|x64.ActiveCfg = Release|Any CPU
		{0AADDE4D-8AEF-678F-BD33-63E0EB441628}.Release|x64.Build.0 = Release|Any CPU
		{0AADDE4D-8AEF-678F-BD33-63E0EB441628}.Release|x86.ActiveCfg = Release|Any CPU
		{0AADDE4D-8AEF-678F-BD33-63E0EB441628}.Release|x86.Build.0 = Release|Any CPU
		{7E2C9A51-3B4D-4E66-9F10-2D5C8B7A4E31}.Debug|Any CPU.ActiveCfg = Debug|Any CPU
		{7E2C9A51-3B4D-4E66-9F10-2D5C8B7A4E31}.Debug|Any CPU.Build.0 = Debug|Any CPU
		{7E2C9A51-3B4D-4E66-9F10-2D5C8B7A4E31}.Debug|x64.ActiveCfg = Debug|Any CPU
		{7E2C9A51-3B4D-4E66-9F10-2D5C8B7A4E31}.Debug|x64.Build.0 = Debug|Any CPU
		{7E2C9A51-3B4D-4E66-9F10-2D5C8B7A4E31}.Debug|x86.ActiveCfg = Debug|Any CPU
		{7E2C9A51-3B4D-4E66-9F10-2D5C8B7A4E31}.Debug|x86.Build.0 = Debug|Any CPU
		{7E2C9A51-3B4D-4E66-9F10-2D5C8B7A4E31}.Release|Any CPU.ActiveCfg = Release|Any CPU
		{7E2C9A51-3B4D-4E66-9F10-2D5C8B7A4E31}.Release|Any CPU.Build.0 = Release|Any CPU
		{7E2C9A51-3B4D-4E66-9F10-2D5C8B7A4E31}.Release|x64.ActiveCfg = Release|Any CPU
		{7E2C9A51-3B4D-4E66-9F10-2D5C8B7A4E31}.Release|x64.Build.0 = Release|Any CPU
		{7E2C9A51-3B4D-4E66-9F10-2D5C8B7A4E31}.Release|x86.ActiveCfg = Release|Any CPU
		{7E2C9A51-3B4D-4E66-9F10-2D5C8B7A4E31}.Release|x86.Build.0 = Release|Any CPU
		{A78B4BED-8CE6-43B2-B124-7B67C03DFA7E}.Debug|Any CPU.ActiveCfg = Debug|Any CPU
		{A78B4BED-8CE6-43B2-B124-7B67C03DFA7E}.Debug|Any CPU.Build.0 = Debug|Any CPU
		{A78B4BED-8CE6-43B2-B124-7B67C03DFA7E}.Debug|x64.ActiveCfg = Debug|Any CPU
		{A78B4BED-8CE6-43B2-B124-7B67C03DFA7E}.Debug|x64.Build.0 = Debug|Any CPU
		{A78B4BED-8CE6-43B2-B124-7B67C03DFA7E}.Debug|x86.ActiveCfg = Debug|Any CPU
		{A78B4BED-8CE6-43B2-B124-7B67C03DFA7E}.Debug|x86.Build.0 = Debug|Any CPU
		{A78B4BED-8CE6-43B2-B124-7B67C03DFA7E}.Release|Any CPU.ActiveCfg = Release|Any CPU
		{A78B4BED-8CE6-43B2-B124-7B67C03DFA7E}.Release|Any CPU.Build.0 = Release|Any CPU
		{A78B4BED-8CE6-43B2-B124-7B67C03DFA7E}.Release|x64.ActiveCfg = Release|Any CPU
		{A78B4BED-8CE6-43B2-B124-7B67C03DFA7E}.Release|x64.Build.0 = Release|Any CPU
		{A78B4BED-8CE6-43B2-B124-7B67C03DFA7E}.Release|x86.ActiveCfg = Release|Any CPU
		{A78B4BED-8CE6-43B2-B124-7B67C03DFA7E}.Release|x86.Build.0 = Release|Any CPU
		{A0252D2E-6D8F-4C20-A157-F5BB215079D4}.Debug|Any CPU.ActiveCfg = Debug|Any CPU
		{A0252D2E-6D8F-4C20-A157-F5BB215079D4}.Debug|Any CPU.Build.0 = Debug|Any CPU
		{A0252D2E-6D8F-4C20-A157-F5BB215079D4}.Debug|x64.ActiveCfg = Debug|Any CPU
		{A0252D2E-6D8F-4C20-A157-F5BB215079D4}.Debug|x64.Build.0 = Debug|Any CPU
		{A0252D2E-6D8F-4C20-A157-F5BB215079D4}.Debug|x86.ActiveCfg = Debug|Any CPU
		{A0252D2E-6D8F-4C20-A157-F5BB215079D4}.Debug|x86.Build.0 = Debug|Any CPU
		{A0252D2E-6D8F-4C20-A157-F5BB215079D4}.Release|Any CPU.ActiveCfg = Release|Any CPU
		{A0252D2E-6D8F-4C20-A157-F5BB215079D4}.Release|Any CPU.Build.0 = Release|Any CPU
		{A0252D2E-6D8F-4C20-A157-F5BB215079D4}.Release|x64.ActiveCfg = Release|Any CPU
		{A0252D2E-6D8F-4C20-A157-F5BB215079D4}.Release|x64.Build.0 = Release|Any CPU
		{A0252D2E-6D8F-4C20-A157-F5BB215079D4}.Release|x86.ActiveCfg = Release|Any CPU
		{A0252D2E-6D8F-4C20-A157-F5BB215079D4}.Release|x86.Build.0 = Release|Any CPU
	EndGlobalSection
	GlobalSection(SolutionProperties) = preSolution
		HideSolutionNode = FALSE
	EndGlobalSection
	GlobalSection(ExtensibilityGlobals) = postSolution
		SolutionGuid = {A77421E4-B70E-459C-A23F-710EA1BCEB24}
	EndGlobalSection
EndGlobal
